
Microsoft Visual Studio Solution File, Format Version 12.00
# Visual Studio Version 17
VisualStudioVersion = 17.5.002.0
MinimumVisualStudioVersion = 10.0.40219.1
Project("{2150E333-8FDC-42A3-9474-1A3956D46DE8}") = "sandbox", "sandbox", "{2216DBDC-590B-4B22-B709-FA0650128AB5}"
EndProject
Project("{9A19103F-16F7-4668-BE54-9A1E7A4F7556}") = "sandbox_project", "sandbox\sandbox_project\sandbox_project.csproj", "{CB09259B-7DA5-4ADE-BE47-5812EC3C8957}"
EndProject
Project("{2150E333-8FDC-42A3-9474-1A3956D46DE8}") = "week01", "week01", "{548C820F-0A58-46C1-A8B0-58ADDEF0B814}"
EndProject
Project("{9A19103F-16F7-4668-BE54-9A1E7A4F7556}") = "analyze", "week01\analyze\analyze.csproj", "{86003C76-2759-4456-B303-423C9094A7FC}"
EndProject
Project("{9A19103F-16F7-4668-BE54-9A1E7A4F7556}") = "code", "week01\code\code.csproj", "{1769FCAF-285F-4D36-8485-D4D6B264C153}"
EndProject
Project("{9A19103F-16F7-4668-BE54-9A1E7A4F7556}") = "teach", "week01\teach\teach.csproj", "{6F199A33-49B2-48D7-BE36-07E453CC63A6}"
EndProject
Project("{2150E333-8FDC-42A3-9474-1A3956D46DE8}") = "week02", "week02", "{A444FF2F-8FBF-4A27-8276-99BE27DC29D4}"
EndProject
Project("{9A19103F-16F7-4668-BE54-9A1E7A4F7556}") = "analyze", "week02\analyze\analyze.csproj", "{36CDC2AE-7600-4F9D-BAFE-40845FC47332}"
EndProject
Project("{9A19103F-16F7-4668-BE54-9A1E7A4F7556}") = "code", "week02\code\code.csproj", "{F8DEFB39-28F4-4C0E-A61F-EF9E1F96A8E7}"
EndProject
Project("{9A19103F-16F7-4668-BE54-9A1E7A4F7556}") = "learn", "week02\learn\learn.csproj", "{14C995BB-267C-4320-85E9-C76BF4FFCDD3}"
EndProject
Project("{9A19103F-16F7-4668-BE54-9A1E7A4F7556}") = "teach", "week02\teach\teach.csproj", "{8B922BEC-7055-4B33-89EC-389526FC6E56}"
EndProject
Project("{2150E333-8FDC-42A3-9474-1A3956D46DE8}") = "week03", "week03", "{B1636DE7-88F2-4B0B-A852-0562BB8E5975}"
EndProject
Project("{9A19103F-16F7-4668-BE54-9A1E7A4F7556}") = "code", "week03\code\code.csproj", "{AE71F986-2D89-4D09-9483-55819E1DCC08}"
EndProject
Project("{9A19103F-16F7-4668-BE54-9A1E7A4F7556}") = "learn", "week03\learn\learn.csproj", "{056DC2DC-61A9-4CE3-B5FE-51C8C7413357}"
EndProject
Project("{9A19103F-16F7-4668-BE54-9A1E7A4F7556}") = "teach", "week03\teach\teach.csproj", "{8CFFCBF8-8CED-4DB3-B934-05980865E25B}"
EndProject
Project("{2150E333-8FDC-42A3-9474-1A3956D46DE8}") = "week04", "week04", "{F00C01F1-F739-4B6C-AE91-0A47858F74B2}"
EndProject
Project("{9A19103F-16F7-4668-BE54-9A1E7A4F7556}") = "code", "week04\code\code.csproj", "{31F0BECF-BC2B-44F5-85D9-F7A43FE39FC2}"
EndProject
Project("{2150E333-8FDC-42A3-9474-1A3956D46DE8}") = "week05", "week05", "{2B607A10-26C9-46E6-9C4C-DAAA60E1F711}"
EndProject
Project("{9A19103F-16F7-4668-BE54-9A1E7A4F7556}") = "code", "week05\code\code.csproj", "{6468E2A1-8DA1-436E-AA6E-E56572B38831}"
EndProject
Project("{2150E333-8FDC-42A3-9474-1A3956D46DE8}") = "week06", "week06", "{3267CCBE-ECD9-458B-85CA-42DF660E3E9A}"
EndProject
Project("{9A19103F-16F7-4668-BE54-9A1E7A4F7556}") = "code", "week06\code\code.csproj", "{DA664D3B-7FCF-4337-A66F-3427C3189D5E}"
EndProject
Global
	GlobalSection(SolutionConfigurationPlatforms) = preSolution
		Debug|Any CPU = Debug|Any CPU
		Release|Any CPU = Release|Any CPU
	EndGlobalSection
	GlobalSection(ProjectConfigurationPlatforms) = postSolution
		{CB09259B-7DA5-4ADE-BE47-5812EC3C8957}.Debug|Any CPU.ActiveCfg = Debug|Any CPU
		{CB09259B-7DA5-4ADE-BE47-5812EC3C8957}.Debug|Any CPU.Build.0 = Debug|Any CPU
		{CB09259B-7DA5-4ADE-BE47-5812EC3C8957}.Release|Any CPU.ActiveCfg = Release|Any CPU
		{CB09259B-7DA5-4ADE-BE47-5812EC3C8957}.Release|Any CPU.Build.0 = Release|Any CPU
		{86003C76-2759-4456-B303-423C9094A7FC}.Debug|Any CPU.ActiveCfg = Debug|Any CPU
		{86003C76-2759-4456-B303-423C9094A7FC}.Debug|Any CPU.Build.0 = Debug|Any CPU
		{86003C76-2759-4456-B303-423C9094A7FC}.Release|Any CPU.ActiveCfg = Release|Any CPU
		{86003C76-2759-4456-B303-423C9094A7FC}.Release|Any CPU.Build.0 = Release|Any CPU
		{1769FCAF-285F-4D36-8485-D4D6B264C153}.Debug|Any CPU.ActiveCfg = Debug|Any CPU
		{1769FCAF-285F-4D36-8485-D4D6B264C153}.Debug|Any CPU.Build.0 = Debug|Any CPU
		{1769FCAF-285F-4D36-8485-D4D6B264C153}.Release|Any CPU.ActiveCfg = Release|Any CPU
		{1769FCAF-285F-4D36-8485-D4D6B264C153}.Release|Any CPU.Build.0 = Release|Any CPU
		{6F199A33-49B2-48D7-BE36-07E453CC63A6}.Debug|Any CPU.ActiveCfg = Debug|Any CPU
		{6F199A33-49B2-48D7-BE36-07E453CC63A6}.Debug|Any CPU.Build.0 = Debug|Any CPU
		{6F199A33-49B2-48D7-BE36-07E453CC63A6}.Release|Any CPU.ActiveCfg = Release|Any CPU
		{6F199A33-49B2-48D7-BE36-07E453CC63A6}.Release|Any CPU.Build.0 = Release|Any CPU
		{36CDC2AE-7600-4F9D-BAFE-40845FC47332}.Debug|Any CPU.ActiveCfg = Debug|Any CPU
		{36CDC2AE-7600-4F9D-BAFE-40845FC47332}.Debug|Any CPU.Build.0 = Debug|Any CPU
		{36CDC2AE-7600-4F9D-BAFE-40845FC47332}.Release|Any CPU.ActiveCfg = Release|Any CPU
		{36CDC2AE-7600-4F9D-BAFE-40845FC47332}.Release|Any CPU.Build.0 = Release|Any CPU
		{F8DEFB39-28F4-4C0E-A61F-EF9E1F96A8E7}.Debug|Any CPU.ActiveCfg = Debug|Any CPU
		{F8DEFB39-28F4-4C0E-A61F-EF9E1F96A8E7}.Debug|Any CPU.Build.0 = Debug|Any CPU
		{F8DEFB39-28F4-4C0E-A61F-EF9E1F96A8E7}.Release|Any CPU.ActiveCfg = Release|Any CPU
		{F8DEFB39-28F4-4C0E-A61F-EF9E1F96A8E7}.Release|Any CPU.Build.0 = Release|Any CPU
		{14C995BB-267C-4320-85E9-C76BF4FFCDD3}.Debug|Any CPU.ActiveCfg = Debug|Any CPU
		{14C995BB-267C-4320-85E9-C76BF4FFCDD3}.Debug|Any CPU.Build.0 = Debug|Any CPU
		{14C995BB-267C-4320-85E9-C76BF4FFCDD3}.Release|Any CPU.ActiveCfg = Release|Any CPU
		{14C995BB-267C-4320-85E9-C76BF4FFCDD3}.Release|Any CPU.Build.0 = Release|Any CPU
		{8B922BEC-7055-4B33-89EC-389526FC6E56}.Debug|Any CPU.ActiveCfg = Debug|Any CPU
		{8B922BEC-7055-4B33-89EC-389526FC6E56}.Debug|Any CPU.Build.0 = Debug|Any CPU
		{8B922BEC-7055-4B33-89EC-389526FC6E56}.Release|Any CPU.ActiveCfg = Release|Any CPU
		{8B922BEC-7055-4B33-89EC-389526FC6E56}.Release|Any CPU.Build.0 = Release|Any CPU
		{AE71F986-2D89-4D09-9483-55819E1DCC08}.Debug|Any CPU.ActiveCfg = Debug|Any CPU
		{AE71F986-2D89-4D09-9483-55819E1DCC08}.Debug|Any CPU.Build.0 = Debug|Any CPU
		{AE71F986-2D89-4D09-9483-55819E1DCC08}.Release|Any CPU.ActiveCfg = Release|Any CPU
		{AE71F986-2D89-4D09-9483-55819E1DCC08}.Release|Any CPU.Build.0 = Release|Any CPU
		{056DC2DC-61A9-4CE3-B5FE-51C8C7413357}.Debug|Any CPU.ActiveCfg = Debug|Any CPU
		{056DC2DC-61A9-4CE3-B5FE-51C8C7413357}.Debug|Any CPU.Build.0 = Debug|Any CPU
		{056DC2DC-61A9-4CE3-B5FE-51C8C7413357}.Release|Any CPU.ActiveCfg = Release|Any CPU
		{056DC2DC-61A9-4CE3-B5FE-51C8C7413357}.Release|Any CPU.Build.0 = Release|Any CPU
		{8CFFCBF8-8CED-4DB3-B934-05980865E25B}.Debug|Any CPU.ActiveCfg = Debug|Any CPU
		{8CFFCBF8-8CED-4DB3-B934-05980865E25B}.Debug|Any CPU.Build.0 = Debug|Any CPU
		{8CFFCBF8-8CED-4DB3-B934-05980865E25B}.Release|Any CPU.ActiveCfg = Release|Any CPU
		{8CFFCBF8-8CED-4DB3-B934-05980865E25B}.Release|Any CPU.Build.0 = Release|Any CPU
		{31F0BECF-BC2B-44F5-85D9-F7A43FE39FC2}.Debug|Any CPU.ActiveCfg = Debug|Any CPU
		{31F0BECF-BC2B-44F5-85D9-F7A43FE39FC2}.Debug|Any CPU.Build.0 = Debug|Any CPU
		{31F0BECF-BC2B-44F5-85D9-F7A43FE39FC2}.Release|Any CPU.ActiveCfg = Release|Any CPU
		{31F0BECF-BC2B-44F5-85D9-F7A43FE39FC2}.Release|Any CPU.Build.0 = Release|Any CPU
		{6468E2A1-8DA1-436E-AA6E-E56572B38831}.Debug|Any CPU.ActiveCfg = Debug|Any CPU
		{6468E2A1-8DA1-436E-AA6E-E56572B38831}.Debug|Any CPU.Build.0 = Debug|Any CPU
		{6468E2A1-8DA1-436E-AA6E-E56572B38831}.Release|Any CPU.ActiveCfg = Release|Any CPU
		{6468E2A1-8DA1-436E-AA6E-E56572B38831}.Release|Any CPU.Build.0 = Release|Any CPU
		{DA664D3B-7FCF-4337-A66F-3427C3189D5E}.Debug|Any CPU.ActiveCfg = Debug|Any CPU
		{DA664D3B-7FCF-4337-A66F-3427C3189D5E}.Debug|Any CPU.Build.0 = Debug|Any CPU
		{DA664D3B-7FCF-4337-A66F-3427C3189D5E}.Release|Any CPU.ActiveCfg = Release|Any CPU
		{DA664D3B-7FCF-4337-A66F-3427C3189D5E}.Release|Any CPU.Build.0 = Release|Any CPU
	EndGlobalSection
	GlobalSection(SolutionProperties) = preSolution
		HideSolutionNode = FALSE
	EndGlobalSection
	GlobalSection(NestedProjects) = preSolution
		{CB09259B-7DA5-4ADE-BE47-5812EC3C8957} = {2216DBDC-590B-4B22-B709-FA0650128AB5}
		{86003C76-2759-4456-B303-423C9094A7FC} = {548C820F-0A58-46C1-A8B0-58ADDEF0B814}
		{1769FCAF-285F-4D36-8485-D4D6B264C153} = {548C820F-0A58-46C1-A8B0-58ADDEF0B814}
		{6F199A33-49B2-48D7-BE36-07E453CC63A6} = {548C820F-0A58-46C1-A8B0-58ADDEF0B814}
		{36CDC2AE-7600-4F9D-BAFE-40845FC47332} = {A444FF2F-8FBF-4A27-8276-99BE27DC29D4}
		{F8DEFB39-28F4-4C0E-A61F-EF9E1F96A8E7} = {A444FF2F-8FBF-4A27-8276-99BE27DC29D4}
		{14C995BB-267C-4320-85E9-C76BF4FFCDD3} = {A444FF2F-8FBF-4A27-8276-99BE27DC29D4}
		{8B922BEC-7055-4B33-89EC-389526FC6E56} = {A444FF2F-8FBF-4A27-8276-99BE27DC29D4}
		{AE71F986-2D89-4D09-9483-55819E1DCC08} = {B1636DE7-88F2-4B0B-A852-0562BB8E5975}
		{056DC2DC-61A9-4CE3-B5FE-51C8C7413357} = {B1636DE7-88F2-4B0B-A852-0562BB8E5975}
		{8CFFCBF8-8CED-4DB3-B934-05980865E25B} = {B1636DE7-88F2-4B0B-A852-0562BB8E5975}
		{31F0BECF-BC2B-44F5-85D9-F7A43FE39FC2} = {F00C01F1-F739-4B6C-AE91-0A47858F74B2}
		{6468E2A1-8DA1-436E-AA6E-E56572B38831} = {2B607A10-26C9-46E6-9C4C-DAAA60E1F711}
		{DA664D3B-7FCF-4337-A66F-3427C3189D5E} = {3267CCBE-ECD9-458B-85CA-42DF660E3E9A}
	EndGlobalSection
	GlobalSection(ExtensibilityGlobals) = postSolution
		SolutionGuid = {D0EBB666-47B6-4575-97B2-E3F7DDE78846}
	EndGlobalSection
EndGlobal
